<Solution>
  <Folder Name="/TimeProgram/" />
  <Folder Name="/TimeProgram/TimeProgram.Backend/">
    <Project Path="TimeLibrary/TimeProgram.ConsoleBackend.csproj" />
  </Folder>
  <Folder Name="/TimeProgram/TimeProgram.Frontend/">
    <Project Path="TimeProgram.Frontend/TimeProgram.ConsoleFrontend.csproj" />
  </Folder>
</Solution>
